
Microsoft Visual Studio Solution File, Format Version 12.00
# Visual Studio Version 17
VisualStudioVersion = 17.5.002.0
MinimumVisualStudioVersion = 10.0.40219.1
Project("{2150E333-8FDC-42A3-9474-1A3956D46DE8}") = "C# course projects", "C# course projects", "{6870914E-50F9-42A3-99AB-B60FCA9F20F5}"
EndProject
Project("{2150E333-8FDC-42A3-9474-1A3956D46DE8}") = "CsharpProjects", "CsharpProjects", "{11D549BF-E353-4E7E-9A59-44D77EB531FE}"
EndProject
Project("{9A19103F-16F7-4668-BE54-9A1E7A4F7556}") = "TestProject1", "C# course projects\CsharpProjects\TestProject1\TestProject1.csproj", "{C3793097-B7F4-4D2E-9DB4-527B1B3C67E6}"
EndProject
Project("{9A19103F-16F7-4668-BE54-9A1E7A4F7556}") = "TestProject2", "C# course projects\CsharpProjects\TestProject2\TestProject2.csproj", "{52BEDF1F-3B38-457B-9651-D74F76C2ACF4}"
EndProject
Global
	GlobalSection(SolutionConfigurationPlatforms) = preSolution
		Debug|Any CPU = Debug|Any CPU
		Release|Any CPU = Release|Any CPU
	EndGlobalSection
	GlobalSection(ProjectConfigurationPlatforms) = postSolution
		{C3793097-B7F4-4D2E-9DB4-527B1B3C67E6}.Debug|Any CPU.ActiveCfg = Debug|Any CPU
		{C3793097-B7F4-4D2E-9DB4-527B1B3C67E6}.Debug|Any CPU.Build.0 = Debug|Any CPU
		{C3793097-B7F4-4D2E-9DB4-527B1B3C67E6}.Release|Any CPU.ActiveCfg = Release|Any CPU
		{C3793097-B7F4-4D2E-9DB4-527B1B3C67E6}.Release|Any CPU.Build.0 = Release|Any CPU
		{52BEDF1F-3B38-457B-9651-D74F76C2ACF4}.Debug|Any CPU.ActiveCfg = Debug|Any CPU
		{52BEDF1F-3B38-457B-9651-D74F76C2ACF4}.Debug|Any CPU.Build.0 = Debug|Any CPU
		{52BEDF1F-3B38-457B-9651-D74F76C2ACF4}.Release|Any CPU.ActiveCfg = Release|Any CPU
		{52BEDF1F-3B38-457B-9651-D74F76C2ACF4}.Release|Any CPU.Build.0 = Release|Any CPU
	EndGlobalSection
	GlobalSection(SolutionProperties) = preSolution
		HideSolutionNode = FALSE
	EndGlobalSection
	GlobalSection(NestedProjects) = preSolution
		{11D549BF-E353-4E7E-9A59-44D77EB531FE} = {6870914E-50F9-42A3-99AB-B60FCA9F20F5}
		{C3793097-B7F4-4D2E-9DB4-527B1B3C67E6} = {11D549BF-E353-4E7E-9A59-44D77EB531FE}
		{52BEDF1F-3B38-457B-9651-D74F76C2ACF4} = {11D549BF-E353-4E7E-9A59-44D77EB531FE}
	EndGlobalSection
	GlobalSection(ExtensibilityGlobals) = postSolution
		SolutionGuid = {46E13FA4-4083-4441-A4B2-DF566E79B0A8}
	EndGlobalSection
EndGlobal
